
Microsoft Visual Studio Solution File, Format Version 12.00
# Visual Studio 15
VisualStudioVersion = 15.0.26730.12
MinimumVisualStudioVersion = 10.0.40219.1
Project("{FAE04EC0-301F-11D3-BF4B-00C04F79EFBC}") = "U2141.Practice.Console", "U2141.Practice.Console\U2141.Practice.Console.csproj", "{A9ED2E21-1CE1-4C3D-9DC6-76BC7240967D}"
EndProject
Project("{FAE04EC0-301F-11D3-BF4B-00C04F79EFBC}") = "U2141.Practice.Domain", "U2141.Practice.Domain\U2141.Practice.Domain.csproj", "{CF22EC15-9CDB-44F5-A3D7-037F7E199D5A}"
EndProject
Project("{FAE04EC0-301F-11D3-BF4B-00C04F79EFBC}") = "U2141.Practice.UserInfo", "U2141.Practice.UserInfo\U2141.Practice.UserInfo.csproj", "{4E23E905-0462-4792-AC04-8DA0543CD491}"
EndProject
Project("{FAE04EC0-301F-11D3-BF4B-00C04F79EFBC}") = "U2141.Practice.Atm", "U2141.Practice.Atm\U2141.Practice.Atm.csproj", "{3376F321-10E1-4981-8E75-01CC161018A9}"
EndProject
Project("{FAE04EC0-301F-11D3-BF4B-00C04F79EFBC}") = "U2141.Practice.Linq", "U2141.Practice.Linq\U2141.Practice.Linq.csproj", "{2D482749-5B66-40B3-BB3D-04001635653B}"
EndProject
Global
	GlobalSection(SolutionConfigurationPlatforms) = preSolution
		Debug|Any CPU = Debug|Any CPU
		Release|Any CPU = Release|Any CPU
	EndGlobalSection
	GlobalSection(ProjectConfigurationPlatforms) = postSolution
		{A9ED2E21-1CE1-4C3D-9DC6-76BC7240967D}.Debug|Any CPU.ActiveCfg = Debug|Any CPU
		{A9ED2E21-1CE1-4C3D-9DC6-76BC7240967D}.Debug|Any CPU.Build.0 = Debug|Any CPU
		{A9ED2E21-1CE1-4C3D-9DC6-76BC7240967D}.Release|Any CPU.ActiveCfg = Release|Any CPU
		{A9ED2E21-1CE1-4C3D-9DC6-76BC7240967D}.Release|Any CPU.Build.0 = Release|Any CPU
		{CF22EC15-9CDB-44F5-A3D7-037F7E199D5A}.Debug|Any CPU.ActiveCfg = Debug|Any CPU
		{CF22EC15-9CDB-44F5-A3D7-037F7E199D5A}.Debug|Any CPU.Build.0 = Debug|Any CPU
		{CF22EC15-9CDB-44F5-A3D7-037F7E199D5A}.Release|Any CPU.ActiveCfg = Release|Any CPU
		{CF22EC15-9CDB-44F5-A3D7-037F7E199D5A}.Release|Any CPU.Build.0 = Release|Any CPU
		{4E23E905-0462-4792-AC04-8DA0543CD491}.Debug|Any CPU.ActiveCfg = Debug|Any CPU
		{4E23E905-0462-4792-AC04-8DA0543CD491}.Debug|Any CPU.Build.0 = Debug|Any CPU
		{4E23E905-0462-4792-AC04-8DA0543CD491}.Release|Any CPU.ActiveCfg = Release|Any CPU
		{4E23E905-0462-4792-AC04-8DA0543CD491}.Release|Any CPU.Build.0 = Release|Any CPU
		{3376F321-10E1-4981-8E75-01CC161018A9}.Debug|Any CPU.ActiveCfg = Debug|Any CPU
		{3376F321-10E1-4981-8E75-01CC161018A9}.Debug|Any CPU.Build.0 = Debug|Any CPU
		{3376F321-10E1-4981-8E75-01CC161018A9}.Release|Any CPU.ActiveCfg = Release|Any CPU
		{3376F321-10E1-4981-8E75-01CC161018A9}.Release|Any CPU.Build.0 = Release|Any CPU
		{2D482749-5B66-40B3-BB3D-04001635653B}.Debug|Any CPU.ActiveCfg = Debug|Any CPU
		{2D482749-5B66-40B3-BB3D-04001635653B}.Debug|Any CPU.Build.0 = Debug|Any CPU
		{2D482749-5B66-40B3-BB3D-04001635653B}.Release|Any CPU.ActiveCfg = Release|Any CPU
		{2D482749-5B66-40B3-BB3D-04001635653B}.Release|Any CPU.Build.0 = Release|Any CPU
	EndGlobalSection
	GlobalSection(SolutionProperties) = preSolution
		HideSolutionNode = FALSE
	EndGlobalSection
	GlobalSection(ExtensibilityGlobals) = postSolution
		SolutionGuid = {B7AA20F7-FDC2-4404-BFD5-6EFEF7F11BC5}
	EndGlobalSection
EndGlobal
